
Microsoft Visual Studio Solution File, Format Version 12.00
# Visual Studio Version 16
VisualStudioVersion = 16.0.28922.388
MinimumVisualStudioVersion = 10.0.40219.1
Project("{FAE04EC0-301F-11D3-BF4B-00C04F79EFBC}") = "exercVOTOS 10.07.19", "exercVOTOS 10.07.19\exercVOTOS 10.07.19.csproj", "{931435FD-44D6-420A-B681-A951D121FFF7}"
EndProject
Global
	GlobalSection(SolutionConfigurationPlatforms) = preSolution
		Debug|Any CPU = Debug|Any CPU
		Release|Any CPU = Release|Any CPU
	EndGlobalSection
	GlobalSection(ProjectConfigurationPlatforms) = postSolution
		{931435FD-44D6-420A-B681-A951D121FFF7}.Debug|Any CPU.ActiveCfg = Debug|Any CPU
		{931435FD-44D6-420A-B681-A951D121FFF7}.Debug|Any CPU.Build.0 = Debug|Any CPU
		{931435FD-44D6-420A-B681-A951D121FFF7}.Release|Any CPU.ActiveCfg = Release|Any CPU
		{931435FD-44D6-420A-B681-A951D121FFF7}.Release|Any CPU.Build.0 = Release|Any CPU
	EndGlobalSection
	GlobalSection(SolutionProperties) = preSolution
		HideSolutionNode = FALSE
	EndGlobalSection
	GlobalSection(ExtensibilityGlobals) = postSolution
		SolutionGuid = {1A29F62B-3220-4408-84C4-8BD24A0DEB68}
	EndGlobalSection
EndGlobal
